
Microsoft Visual Studio Solution File, Format Version 11.00
# Visual Studio 2010
Project("{FAE04EC0-301F-11D3-BF4B-00C04F79EFBC}") = "Hosteta", "Hosteta\Hosteta.csproj", "{B01D47E1-A666-4697-A248-342EA2F94CE7}"
EndProject
Project("{E24C65DC-7377-472B-9ABA-BC803B73C61A}") = "elWeb", "elWeb\", "{AE78EBDC-FB7C-4F61-BF75-CEB42CDEF09C}"
	ProjectSection(WebsiteProperties) = preProject
		TargetFrameworkMoniker = ".NETFramework,Version%3Dv4.0"
		Debug.AspNetCompiler.VirtualPath = "/elWeb"
		Debug.AspNetCompiler.PhysicalPath = "elWeb\"
		Debug.AspNetCompiler.TargetPath = "PrecompiledWeb\elWeb\"
		Debug.AspNetCompiler.Updateable = "true"
		Debug.AspNetCompiler.ForceOverwrite = "true"
		Debug.AspNetCompiler.FixedNames = "false"
		Debug.AspNetCompiler.Debug = "True"
		Release.AspNetCompiler.VirtualPath = "/elWeb"
		Release.AspNetCompiler.PhysicalPath = "elWeb\"
		Release.AspNetCompiler.TargetPath = "PrecompiledWeb\elWeb\"
		Release.AspNetCompiler.Updateable = "true"
		Release.AspNetCompiler.ForceOverwrite = "true"
		Release.AspNetCompiler.FixedNames = "false"
		Release.AspNetCompiler.Debug = "False"
		VWDPort = "18171"
		DefaultWebSiteLanguage = "Visual C#"
	EndProjectSection
EndProject
Project("{54435603-DBB4-11D2-8724-00A0C9A8B90C}") = "Instalador", "Instalador\Instalador.vdproj", "{C3AC4FEA-6D15-43E7-9FD0-21E56443FCFA}"
EndProject
Project("{FAE04EC0-301F-11D3-BF4B-00C04F79EFBC}") = "WebServer", "WebServer\WebServer.csproj", "{739EFDEA-154C-45A8-8653-1F4C024A1301}"
EndProject
Global
	GlobalSection(SolutionConfigurationPlatforms) = preSolution
		Debug|Any CPU = Debug|Any CPU
		Release|Any CPU = Release|Any CPU
	EndGlobalSection
	GlobalSection(ProjectConfigurationPlatforms) = postSolution
		{B01D47E1-A666-4697-A248-342EA2F94CE7}.Debug|Any CPU.ActiveCfg = Debug|Any CPU
		{B01D47E1-A666-4697-A248-342EA2F94CE7}.Debug|Any CPU.Build.0 = Debug|Any CPU
		{B01D47E1-A666-4697-A248-342EA2F94CE7}.Release|Any CPU.ActiveCfg = Release|Any CPU
		{B01D47E1-A666-4697-A248-342EA2F94CE7}.Release|Any CPU.Build.0 = Release|Any CPU
		{AE78EBDC-FB7C-4F61-BF75-CEB42CDEF09C}.Debug|Any CPU.ActiveCfg = Debug|Any CPU
		{AE78EBDC-FB7C-4F61-BF75-CEB42CDEF09C}.Debug|Any CPU.Build.0 = Debug|Any CPU
		{AE78EBDC-FB7C-4F61-BF75-CEB42CDEF09C}.Release|Any CPU.ActiveCfg = Debug|Any CPU
		{AE78EBDC-FB7C-4F61-BF75-CEB42CDEF09C}.Release|Any CPU.Build.0 = Debug|Any CPU
		{C3AC4FEA-6D15-43E7-9FD0-21E56443FCFA}.Debug|Any CPU.ActiveCfg = Debug
		{C3AC4FEA-6D15-43E7-9FD0-21E56443FCFA}.Release|Any CPU.ActiveCfg = Release
		{739EFDEA-154C-45A8-8653-1F4C024A1301}.Debug|Any CPU.ActiveCfg = Debug|Any CPU
		{739EFDEA-154C-45A8-8653-1F4C024A1301}.Debug|Any CPU.Build.0 = Debug|Any CPU
		{739EFDEA-154C-45A8-8653-1F4C024A1301}.Release|Any CPU.ActiveCfg = Release|Any CPU
		{739EFDEA-154C-45A8-8653-1F4C024A1301}.Release|Any CPU.Build.0 = Release|Any CPU
	EndGlobalSection
	GlobalSection(SolutionProperties) = preSolution
		HideSolutionNode = FALSE
	EndGlobalSection
EndGlobal
